
Microsoft Visual Studio Solution File, Format Version 12.00
# Visual Studio Version 16
VisualStudioVersion = 16.0.31019.35
MinimumVisualStudioVersion = 10.0.40219.1
Project("{FAE04EC0-301F-11D3-BF4B-00C04F79EFBC}") = "What The Hike", "What The Hike.csproj", "{73512229-AABF-43BC-ADC0-6B48EC7FBF55}"
EndProject
Global
	GlobalSection(SolutionConfigurationPlatforms) = preSolution
		Debug|Any CPU = Debug|Any CPU
		Release|Any CPU = Release|Any CPU
	EndGlobalSection
	GlobalSection(ProjectConfigurationPlatforms) = postSolution
		{73512229-AABF-43BC-ADC0-6B48EC7FBF55}.Debug|Any CPU.ActiveCfg = Debug|Any CPU
		{73512229-AABF-43BC-ADC0-6B48EC7FBF55}.Debug|Any CPU.Build.0 = Debug|Any CPU
		{73512229-AABF-43BC-ADC0-6B48EC7FBF55}.Release|Any CPU.ActiveCfg = Release|Any CPU
		{73512229-AABF-43BC-ADC0-6B48EC7FBF55}.Release|Any CPU.Build.0 = Release|Any CPU
	EndGlobalSection
	GlobalSection(SolutionProperties) = preSolution
		HideSolutionNode = FALSE
	EndGlobalSection
	GlobalSection(ExtensibilityGlobals) = postSolution
		SolutionGuid = {8ADB8FEE-0695-4D8F-B927-DAA82EFDD68C}
	EndGlobalSection
EndGlobal
